{
  "name": "cse890-capstone",
  "lockfileVersion": 3,
  "requires": true,
  "packages": {
    "": {
      "dependencies": {
        "fuzzysort": "^2.0.4"
      }
    },
    "node_modules/fuzzysort": {
      "version": "2.0.4",
      "resolved": "https://registry.npmjs.org/fuzzysort/-/fuzzysort-2.0.4.tgz",
      "integrity": "sha512-Api1mJL+Ad7W7vnDZnWq5pGaXJjyencT+iKGia2PlHUcSsSzWwIQ3S1isiMpwpavjYtGd2FzhUIhnnhOULZgDw=="
    }
  }
}
